
Microsoft Visual Studio Solution File, Format Version 12.00
# Visual Studio Version 17
VisualStudioVersion = 17.11.35312.102
MinimumVisualStudioVersion = 10.0.40219.1
Project("{FAE04EC0-301F-11D3-BF4B-00C04F79EFBC}") = "OrientacaoObjetos", "OrientacaoObjetos.csproj", "{B8943394-62D7-4BBD-9544-F6BDB6BEB99B}"
EndProject
Global
	GlobalSection(SolutionConfigurationPlatforms) = preSolution
		Debug|Any CPU = Debug|Any CPU
		Release|Any CPU = Release|Any CPU
	EndGlobalSection
	GlobalSection(ProjectConfigurationPlatforms) = postSolution
		{B8943394-62D7-4BBD-9544-F6BDB6BEB99B}.Debug|Any CPU.ActiveCfg = Debug|Any CPU
		{B8943394-62D7-4BBD-9544-F6BDB6BEB99B}.Debug|Any CPU.Build.0 = Debug|Any CPU
		{B8943394-62D7-4BBD-9544-F6BDB6BEB99B}.Release|Any CPU.ActiveCfg = Release|Any CPU
		{B8943394-62D7-4BBD-9544-F6BDB6BEB99B}.Release|Any CPU.Build.0 = Release|Any CPU
	EndGlobalSection
	GlobalSection(SolutionProperties) = preSolution
		HideSolutionNode = FALSE
	EndGlobalSection
	GlobalSection(ExtensibilityGlobals) = postSolution
		SolutionGuid = {2FF6A39F-5751-44C3-A84A-0F0B0C6A655D}
	EndGlobalSection
EndGlobal
