
Microsoft Visual Studio Solution File, Format Version 12.00
# Visual Studio Version 17
VisualStudioVersion = 17.11.35312.102
MinimumVisualStudioVersion = 10.0.40219.1
Project("{FAE04EC0-301F-11D3-BF4B-00C04F79EFBC}") = "EstruturasDeDecisao", "EstruturasDeDecisao\EstruturasDeDecisao.csproj", "{EE91BEE2-BEFF-42AA-9E75-9D75F4AAAC4F}"
EndProject
Global
	GlobalSection(SolutionConfigurationPlatforms) = preSolution
		Debug|Any CPU = Debug|Any CPU
		Release|Any CPU = Release|Any CPU
	EndGlobalSection
	GlobalSection(ProjectConfigurationPlatforms) = postSolution
		{EE91BEE2-BEFF-42AA-9E75-9D75F4AAAC4F}.Debug|Any CPU.ActiveCfg = Debug|Any CPU
		{EE91BEE2-BEFF-42AA-9E75-9D75F4AAAC4F}.Debug|Any CPU.Build.0 = Debug|Any CPU
		{EE91BEE2-BEFF-42AA-9E75-9D75F4AAAC4F}.Release|Any CPU.ActiveCfg = Release|Any CPU
		{EE91BEE2-BEFF-42AA-9E75-9D75F4AAAC4F}.Release|Any CPU.Build.0 = Release|Any CPU
	EndGlobalSection
	GlobalSection(SolutionProperties) = preSolution
		HideSolutionNode = FALSE
	EndGlobalSection
	GlobalSection(ExtensibilityGlobals) = postSolution
		SolutionGuid = {F6FA9F4A-5679-4E54-9F67-24726D85CD90}
	EndGlobalSection
EndGlobal
