
Microsoft Visual Studio Solution File, Format Version 12.00
# Visual Studio Version 17
VisualStudioVersion = 17.11.35327.3
MinimumVisualStudioVersion = 10.0.40219.1
Project("{FAE04EC0-301F-11D3-BF4B-00C04F79EFBC}") = "AtividadeClasseAbstrata", "AtividadeClasseAbstrata\AtividadeClasseAbstrata.csproj", "{B886D3AE-457A-416B-99B3-F1D7553C7595}"
EndProject
Global
	GlobalSection(SolutionConfigurationPlatforms) = preSolution
		Debug|Any CPU = Debug|Any CPU
		Release|Any CPU = Release|Any CPU
	EndGlobalSection
	GlobalSection(ProjectConfigurationPlatforms) = postSolution
		{B886D3AE-457A-416B-99B3-F1D7553C7595}.Debug|Any CPU.ActiveCfg = Debug|Any CPU
		{B886D3AE-457A-416B-99B3-F1D7553C7595}.Debug|Any CPU.Build.0 = Debug|Any CPU
		{B886D3AE-457A-416B-99B3-F1D7553C7595}.Release|Any CPU.ActiveCfg = Release|Any CPU
		{B886D3AE-457A-416B-99B3-F1D7553C7595}.Release|Any CPU.Build.0 = Release|Any CPU
	EndGlobalSection
	GlobalSection(SolutionProperties) = preSolution
		HideSolutionNode = FALSE
	EndGlobalSection
	GlobalSection(ExtensibilityGlobals) = postSolution
		SolutionGuid = {AC34FD88-4577-472D-970A-56CC8D686DFB}
	EndGlobalSection
EndGlobal
